<?xml version="1.0" encoding="utf-8"?>
<Project ToolsVersion="4.0" xmlns="http://schemas.microsoft.com/developer/msbuild/2003">
  <ItemGroup>
    <Filter Include="리소스 파일">
      <UniqueIdentifier>{67DA6AB6-F800-4c08-8B7A-83BB121AAD01}</UniqueIdentifier>
      <Extensions>rc;ico;cur;bmp;dlg;rc2;rct;bin;rgs;gif;jpg;jpeg;jpe;resx;tiff;tif;png;wav;mfcribbon-ms</Extensions>
    </Filter>
    <Filter Include="ImGUI">
      <UniqueIdentifier>{24012251-1a11-4b73-a525-85a5944ff791}</UniqueIdentifier>
    </Filter>
    <Filter Include="Default">
      <UniqueIdentifier>{93995380-89BD-4b04-88EB-625FBE52EBFB}</UniqueIdentifier>
      <Extensions>h;hh;hpp;hxx;h++;hm;inl;inc;ipp;xsd</Extensions>
    </Filter>
    <Filter Include="ImguiManager">
      <UniqueIdentifier>{4FC737F1-C7A5-4376-A066-2A32D752A2FF}</UniqueIdentifier>
      <Extensions>cpp;c;cc;cxx;c++;cppm;ixx;def;odl;idl;hpj;bat;asm;asmx</Extensions>
    </Filter>
    <Filter Include="ImguiWindow">
      <UniqueIdentifier>{77411314-1f63-4703-aac2-3f2b86f41d5e}</UniqueIdentifier>
    </Filter>
    <Filter Include="ImguiWindow\Core">
      <UniqueIdentifier>{3d6d1935-493c-47b2-a84c-495e72a0641d}</UniqueIdentifier>
    </Filter>
  </ItemGroup>
  <ItemGroup>
    <ClInclude Include="framework.h">
      <Filter>Default</Filter>
    </ClInclude>
    <ClInclude Include="targetver.h">
      <Filter>Default</Filter>
    </ClInclude>
    <ClInclude Include="Resource.h">
      <Filter>Default</Filter>
    </ClInclude>
    <ClInclude Include="MapTool.h">
      <Filter>Default</Filter>
    </ClInclude>
    <ClInclude Include="imconfig.h">
      <Filter>ImGUI</Filter>
    </ClInclude>
    <ClInclude Include="imgui.h">
      <Filter>ImGUI</Filter>
    </ClInclude>
    <ClInclude Include="imgui_impl_dx11.h">
      <Filter>ImGUI</Filter>
    </ClInclude>
    <ClInclude Include="imgui_impl_win32.h">
      <Filter>ImGUI</Filter>
    </ClInclude>
    <ClInclude Include="imgui_internal.h">
      <Filter>ImGUI</Filter>
    </ClInclude>
    <ClInclude Include="imstb_rectpack.h">
      <Filter>ImGUI</Filter>
    </ClInclude>
    <ClInclude Include="imstb_textedit.h">
      <Filter>ImGUI</Filter>
    </ClInclude>
    <ClInclude Include="imstb_truetype.h">
      <Filter>ImGUI</Filter>
    </ClInclude>
    <ClInclude Include="pch.h">
      <Filter>Default</Filter>
    </ClInclude>
    <ClInclude Include="ImguiWindow.h">
      <Filter>ImguiWindow</Filter>
    </ClInclude>
    <ClInclude Include="Core.h">
      <Filter>ImguiWindow\Core</Filter>
    </ClInclude>
    <ClInclude Include="stb_image.h">
      <Filter>ImGUI</Filter>
    </ClInclude>
    <ClInclude Include="PathManager.h">
      <Filter>ImguiManager</Filter>
    </ClInclude>
    <ClInclude Include="FileManager.h">
      <Filter>ImguiManager</Filter>
    </ClInclude>
    <ClInclude Include="GameObject.h">
      <Filter>ImguiWindow</Filter>
    </ClInclude>
    <ClInclude Include="InputManager.h">
      <Filter>ImguiManager</Filter>
    </ClInclude>
    <ClInclude Include="CameraManager.h">
      <Filter>ImguiManager</Filter>
    </ClInclude>
    <ClInclude Include="TimeManager.h">
      <Filter>Default</Filter>
    </ClInclude>
  </ItemGroup>
  <ItemGroup>
    <ClCompile Include="imgui.cpp">
      <Filter>ImGUI</Filter>
    </ClCompile>
    <ClCompile Include="imgui_demo.cpp">
      <Filter>ImGUI</Filter>
    </ClCompile>
    <ClCompile Include="imgui_draw.cpp">
      <Filter>ImGUI</Filter>
    </ClCompile>
    <ClCompile Include="imgui_impl_dx11.cpp">
      <Filter>ImGUI</Filter>
    </ClCompile>
    <ClCompile Include="imgui_impl_win32.cpp">
      <Filter>ImGUI</Filter>
    </ClCompile>
    <ClCompile Include="imgui_tables.cpp">
      <Filter>ImGUI</Filter>
    </ClCompile>
    <ClCompile Include="imgui_widgets.cpp">
      <Filter>ImGUI</Filter>
    </ClCompile>
    <ClCompile Include="MapTool.cpp">
      <Filter>Default</Filter>
    </ClCompile>
    <ClCompile Include="ImguiWindow.cpp">
      <Filter>ImguiWindow</Filter>
    </ClCompile>
    <ClCompile Include="Core.cpp">
      <Filter>ImguiWindow\Core</Filter>
    </ClCompile>
    <ClCompile Include="FileManager.cpp">
      <Filter>ImguiManager</Filter>
    </ClCompile>
    <ClCompile Include="PathManager.cpp">
      <Filter>ImguiManager</Filter>
    </ClCompile>
    <ClCompile Include="GameObject.cpp">
      <Filter>ImguiWindow</Filter>
    </ClCompile>
    <ClCompile Include="InputManager.cpp">
      <Filter>ImguiManager</Filter>
    </ClCompile>
    <ClCompile Include="CameraManager.cpp">
      <Filter>ImguiManager</Filter>
    </ClCompile>
    <ClCompile Include="TimeManager.cpp">
      <Filter>ImguiManager</Filter>
    </ClCompile>
  </ItemGroup>
  <ItemGroup>
    <ResourceCompile Include="MapTool.rc">
      <Filter>리소스 파일</Filter>
    </ResourceCompile>
  </ItemGroup>
  <ItemGroup>
    <Image Include="small.ico">
      <Filter>리소스 파일</Filter>
    </Image>
    <Image Include="MapTool.ico">
      <Filter>리소스 파일</Filter>
    </Image>
  </ItemGroup>
</Project>