
Microsoft Visual Studio Solution File, Format Version 12.00
# Visual Studio Version 17
VisualStudioVersion = 17.5.33530.505
MinimumVisualStudioVersion = 10.0.40219.1
Project("{8BC9CEB8-8B4A-11D0-8D11-00A0C91BC942}") = "Entry", "Entry\Entry.vcxproj", "{924609E2-6D4F-47F7-8814-21ED851E9052}"
EndProject
Project("{8BC9CEB8-8B4A-11D0-8D11-00A0C91BC942}") = "EngineModule", "EngineModule\EngineModule.vcxproj", "{42D41771-F898-4536-8762-A8BEED422A38}"
EndProject
Project("{8BC9CEB8-8B4A-11D0-8D11-00A0C91BC942}") = "RendererModule", "RendererModule\RendererModule.vcxproj", "{5A2B11CF-8310-49DC-8479-E755706455E8}"
EndProject
Project("{8BC9CEB8-8B4A-11D0-8D11-00A0C91BC942}") = "GameProcess", "GameProcess\GameProcess.vcxproj", "{181FCA67-6A5C-4D8C-ADEA-6F72AC55679E}"
EndProject
Project("{8BC9CEB8-8B4A-11D0-8D11-00A0C91BC942}") = "MathModule", "MathModule\MathModule.vcxproj", "{0E04F3C7-8735-4972-B1C0-66A18CA204E9}"
EndProject
Project("{8BC9CEB8-8B4A-11D0-8D11-00A0C91BC942}") = "UserScripts", "UserScripts\UserScripts.vcxproj", "{67E7B2C6-C8F4-427F-B2B2-8125E376DAA5}"
EndProject
Global
	GlobalSection(SolutionConfigurationPlatforms) = preSolution
		Debug|x64 = Debug|x64
		Debug|x86 = Debug|x86
		Release|x64 = Release|x64
		Release|x86 = Release|x86
	EndGlobalSection
	GlobalSection(ProjectConfigurationPlatforms) = postSolution
		{924609E2-6D4F-47F7-8814-21ED851E9052}.Debug|x64.ActiveCfg = Debug|x64
		{924609E2-6D4F-47F7-8814-21ED851E9052}.Debug|x64.Build.0 = Debug|x64
		{924609E2-6D4F-47F7-8814-21ED851E9052}.Debug|x86.ActiveCfg = Debug|Win32
		{924609E2-6D4F-47F7-8814-21ED851E9052}.Debug|x86.Build.0 = Debug|Win32
		{924609E2-6D4F-47F7-8814-21ED851E9052}.Release|x64.ActiveCfg = Release|x64
		{924609E2-6D4F-47F7-8814-21ED851E9052}.Release|x64.Build.0 = Release|x64
		{924609E2-6D4F-47F7-8814-21ED851E9052}.Release|x86.ActiveCfg = Release|Win32
		{924609E2-6D4F-47F7-8814-21ED851E9052}.Release|x86.Build.0 = Release|Win32
		{42D41771-F898-4536-8762-A8BEED422A38}.Debug|x64.ActiveCfg = Debug|x64
		{42D41771-F898-4536-8762-A8BEED422A38}.Debug|x64.Build.0 = Debug|x64
		{42D41771-F898-4536-8762-A8BEED422A38}.Debug|x86.ActiveCfg = Debug|Win32
		{42D41771-F898-4536-8762-A8BEED422A38}.Debug|x86.Build.0 = Debug|Win32
		{42D41771-F898-4536-8762-A8BEED422A38}.Release|x64.ActiveCfg = Release|x64
		{42D41771-F898-4536-8762-A8BEED422A38}.Release|x64.Build.0 = Release|x64
		{42D41771-F898-4536-8762-A8BEED422A38}.Release|x86.ActiveCfg = Release|Win32
		{42D41771-F898-4536-8762-A8BEED422A38}.Release|x86.Build.0 = Release|Win32
		{5A2B11CF-8310-49DC-8479-E755706455E8}.Debug|x64.ActiveCfg = Debug|x64
		{5A2B11CF-8310-49DC-8479-E755706455E8}.Debug|x64.Build.0 = Debug|x64
		{5A2B11CF-8310-49DC-8479-E755706455E8}.Debug|x86.ActiveCfg = Debug|Win32
		{5A2B11CF-8310-49DC-8479-E755706455E8}.Debug|x86.Build.0 = Debug|Win32
		{5A2B11CF-8310-49DC-8479-E755706455E8}.Release|x64.ActiveCfg = Release|x64
		{5A2B11CF-8310-49DC-8479-E755706455E8}.Release|x64.Build.0 = Release|x64
		{5A2B11CF-8310-49DC-8479-E755706455E8}.Release|x86.ActiveCfg = Release|Win32
		{5A2B11CF-8310-49DC-8479-E755706455E8}.Release|x86.Build.0 = Release|Win32
		{181FCA67-6A5C-4D8C-ADEA-6F72AC55679E}.Debug|x64.ActiveCfg = Debug|x64
		{181FCA67-6A5C-4D8C-ADEA-6F72AC55679E}.Debug|x64.Build.0 = Debug|x64
		{181FCA67-6A5C-4D8C-ADEA-6F72AC55679E}.Debug|x86.ActiveCfg = Debug|Win32
		{181FCA67-6A5C-4D8C-ADEA-6F72AC55679E}.Debug|x86.Build.0 = Debug|Win32
		{181FCA67-6A5C-4D8C-ADEA-6F72AC55679E}.Release|x64.ActiveCfg = Release|x64
		{181FCA67-6A5C-4D8C-ADEA-6F72AC55679E}.Release|x64.Build.0 = Release|x64
		{181FCA67-6A5C-4D8C-ADEA-6F72AC55679E}.Release|x86.ActiveCfg = Release|Win32
		{181FCA67-6A5C-4D8C-ADEA-6F72AC55679E}.Release|x86.Build.0 = Release|Win32
		{0E04F3C7-8735-4972-B1C0-66A18CA204E9}.Debug|x64.ActiveCfg = Debug|x64
		{0E04F3C7-8735-4972-B1C0-66A18CA204E9}.Debug|x64.Build.0 = Debug|x64
		{0E04F3C7-8735-4972-B1C0-66A18CA204E9}.Debug|x86.ActiveCfg = Debug|Win32
		{0E04F3C7-8735-4972-B1C0-66A18CA204E9}.Debug|x86.Build.0 = Debug|Win32
		{0E04F3C7-8735-4972-B1C0-66A18CA204E9}.Release|x64.ActiveCfg = Release|x64
		{0E04F3C7-8735-4972-B1C0-66A18CA204E9}.Release|x64.Build.0 = Release|x64
		{0E04F3C7-8735-4972-B1C0-66A18CA204E9}.Release|x86.ActiveCfg = Release|Win32
		{0E04F3C7-8735-4972-B1C0-66A18CA204E9}.Release|x86.Build.0 = Release|Win32
		{67E7B2C6-C8F4-427F-B2B2-8125E376DAA5}.Debug|x64.ActiveCfg = Debug|x64
		{67E7B2C6-C8F4-427F-B2B2-8125E376DAA5}.Debug|x64.Build.0 = Debug|x64
		{67E7B2C6-C8F4-427F-B2B2-8125E376DAA5}.Debug|x86.ActiveCfg = Debug|Win32
		{67E7B2C6-C8F4-427F-B2B2-8125E376DAA5}.Debug|x86.Build.0 = Debug|Win32
		{67E7B2C6-C8F4-427F-B2B2-8125E376DAA5}.Release|x64.ActiveCfg = Release|x64
		{67E7B2C6-C8F4-427F-B2B2-8125E376DAA5}.Release|x64.Build.0 = Release|x64
		{67E7B2C6-C8F4-427F-B2B2-8125E376DAA5}.Release|x86.ActiveCfg = Release|Win32
		{67E7B2C6-C8F4-427F-B2B2-8125E376DAA5}.Release|x86.Build.0 = Release|Win32
	EndGlobalSection
	GlobalSection(SolutionProperties) = preSolution
		HideSolutionNode = FALSE
	EndGlobalSection
	GlobalSection(ExtensibilityGlobals) = postSolution
		SolutionGuid = {5EFDBD06-2F0F-41F7-9487-0AA5135BA103}
	EndGlobalSection
EndGlobal
